
Microsoft Visual Studio Solution File, Format Version 12.00
# Visual Studio 15
VisualStudioVersion = 15.0.28307.1758
MinimumVisualStudioVersion = 10.0.40219.1
Project("{FAE04EC0-301F-11D3-BF4B-00C04F79EFBC}") = "ByteBank", "ByteBank\ByteBank.csproj", "{BD3A7FDE-87E2-450E-AA97-B390DC20248B}"
EndProject
Global
	GlobalSection(SolutionConfigurationPlatforms) = preSolution
		Debug|Any CPU = Debug|Any CPU
		Release|Any CPU = Release|Any CPU
	EndGlobalSection
	GlobalSection(ProjectConfigurationPlatforms) = postSolution
		{BD3A7FDE-87E2-450E-AA97-B390DC20248B}.Debug|Any CPU.ActiveCfg = Debug|Any CPU
		{BD3A7FDE-87E2-450E-AA97-B390DC20248B}.Debug|Any CPU.Build.0 = Debug|Any CPU
		{BD3A7FDE-87E2-450E-AA97-B390DC20248B}.Release|Any CPU.ActiveCfg = Release|Any CPU
		{BD3A7FDE-87E2-450E-AA97-B390DC20248B}.Release|Any CPU.Build.0 = Release|Any CPU
	EndGlobalSection
	GlobalSection(SolutionProperties) = preSolution
		HideSolutionNode = FALSE
	EndGlobalSection
	GlobalSection(ExtensibilityGlobals) = postSolution
		SolutionGuid = {C416D0BA-F4C8-4ED8-9993-806B3F2F1E63}
	EndGlobalSection
EndGlobal
